Microsoft Visual Studio Solution File, Format Version 12.00
# Visual Studio Version 17
VisualStudioVersion = 17.14.36202.13
MinimumVisualStudioVersion = 10.0.40219.1
Project("{FAE04EC0-301F-11D3-BF4B-00C04F79EFBC}") = "ConditionPredictor.AppHost", "ConditionPredictor.AppHost\ConditionPredictor.AppHost.csproj", "{4B43F64E-F4C0-45B2-B4D4-D4049EECE956}"
EndProject
Project("{FAE04EC0-301F-11D3-BF4B-00C04F79EFBC}") = "ConditionPredictor.ServiceDefaults", "ConditionPredictor.ServiceDefaults\ConditionPredictor.ServiceDefaults.csproj", "{45D37376-28EA-E0D6-592B-C30E5C50D515}"
EndProject
Project("{FAE04EC0-301F-11D3-BF4B-00C04F79EFBC}") = "ConditionPredictor.Web", "ConditionPredictor.Web\ConditionPredictor.Web.csproj", "{62FF9186-DE47-72C1-E706-790940837E0B}"
EndProject
Project("{888888A0-9F3D-457C-B088-3A5042F75D52}") = "BioMistralFastAPI", "BioMistralFastAPI\BioMistralFastAPI.pyproj", "{06149933-8060-4ED2-88D9-48443C6E1E2E}"
EndProject
Global
	GlobalSection(SolutionConfigurationPlatforms) = preSolution
		Debug|Any CPU = Debug|Any CPU
		Release|Any CPU = Release|Any CPU
	EndGlobalSection
	GlobalSection(ProjectConfigurationPlatforms) = postSolution
		{4B43F64E-F4C0-45B2-B4D4-D4049EECE956}.Debug|Any CPU.ActiveCfg = Debug|Any CPU
		{4B43F64E-F4C0-45B2-B4D4-D4049EECE956}.Debug|Any CPU.Build.0 = Debug|Any CPU
		{4B43F64E-F4C0-45B2-B4D4-D4049EECE956}.Release|Any CPU.ActiveCfg = Release|Any CPU
		{4B43F64E-F4C0-45B2-B4D4-D4049EECE956}.Release|Any CPU.Build.0 = Release|Any CPU
		{45D37376-28EA-E0D6-592B-C30E5C50D515}.Debug|Any CPU.ActiveCfg = Debug|Any CPU
		{45D37376-28EA-E0D6-592B-C30E5C50D515}.Debug|Any CPU.Build.0 = Debug|Any CPU
		{45D37376-28EA-E0D6-592B-C30E5C50D515}.Release|Any CPU.ActiveCfg = Release|Any CPU
		{45D37376-28EA-E0D6-592B-C30E5C50D515}.Release|Any CPU.Build.0 = Release|Any CPU
		{62FF9186-DE47-72C1-E706-790940837E0B}.Debug|Any CPU.ActiveCfg = Debug|Any CPU
		{62FF9186-DE47-72C1-E706-790940837E0B}.Debug|Any CPU.Build.0 = Debug|Any CPU
		{62FF9186-DE47-72C1-E706-790940837E0B}.Release|Any CPU.ActiveCfg = Release|Any CPU
		{62FF9186-DE47-72C1-E706-790940837E0B}.Release|Any CPU.Build.0 = Release|Any CPU
		{06149933-8060-4ED2-88D9-48443C6E1E2E}.Debug|Any CPU.ActiveCfg = Debug|Any CPU
		{06149933-8060-4ED2-88D9-48443C6E1E2E}.Debug|Any CPU.Build.0 = Debug|Any CPU
		{06149933-8060-4ED2-88D9-48443C6E1E2E}.Release|Any CPU.ActiveCfg = Release|Any CPU
		{06149933-8060-4ED2-88D9-48443C6E1E2E}.Release|Any CPU.Build.0 = Release|Any CPU
	EndGlobalSection
	GlobalSection(SolutionProperties) = preSolution
		HideSolutionNode = FALSE
	EndGlobalSection
	GlobalSection(ExtensibilityGlobals) = postSolution
		SolutionGuid = {569C2A96-907C-447A-B895-707429FCC513}
	EndGlobalSection
EndGlobal
